{
  "name": "beta",
  "requires": true,
  "lockfileVersion": 1,
  "dependencies": {
    "@babel/runtime": {
      "version": "7.0.0-beta.51",
      "resolved": "https://registry.npmjs.org/@babel/runtime/-/runtime-7.0.0-beta.51.tgz",
      "integrity": "sha1-SLjtGDBwNMZiD2Q1FGUMoszAFlo=",
      "requires": {
        "core-js": "2.5.7",
        "regenerator-runtime": "0.11.1"
      },
      "dependencies": {
        "core-js": {
          "version": "2.5.7",
          "resolved": "https://registry.npmjs.org/core-js/-/core-js-2.5.7.tgz",
          "integrity": "sha512-RszJCAxg/PP6uzXVXL6BsxSXx/B05oJAQ2vkJRjyjrEcNVycaqOmNb5OTxZPE3xa5gwZduqza6L9JOCenh/Ecw=="
        }
      }
    },
    "ajv": {
      "version": "4.11.8",
      "resolved": "https://registry.npmjs.org/ajv/-/ajv-4.11.8.tgz",
      "integrity": "sha1-gv+wKynmYq5TvcIK8VlHcGc5xTY=",
      "requires": {
        "co": "^4.6.0",
        "json-stable-stringify": "^1.0.1"
      }
    },
    "asn1": {
      "version": "0.2.3",
      "resolved": "https://registry.npmjs.org/asn1/-/asn1-0.2.3.tgz",
      "integrity": "sha1-2sh4dxPJlmhJ/IGAd36+nB3fO4Y="
    },
    "assert-plus": {
      "version": "0.2.0",
      "resolved": "https://registry.npmjs.org/assert-plus/-/assert-plus-0.2.0.tgz",
      "integrity": "sha1-104bh+ev/A24qttwIfP+SBAasjQ="
    },
    "asynckit": {
      "version": "0.4.0",
      "resolved": "https://registry.npmjs.org/asynckit/-/asynckit-0.4.0.tgz",
      "integrity": "sha1-x57Zf380y48robyXkLzDZkdLS3k="
    },
    "aws-sign2": {
      "version": "0.6.0",
      "resolved": "https://registry.npmjs.org/aws-sign2/-/aws-sign2-0.6.0.tgz",
      "integrity": "sha1-FDQt0428yU0OW4fXY81jYSwOeU8="
    },
    "aws4": {
      "version": "1.7.0",
      "resolved": "https://registry.npmjs.org/aws4/-/aws4-1.7.0.tgz",
      "integrity": "sha512-32NDda82rhwD9/JBCCkB+MRYDp0oSvlo2IL6rQWA10PQi7tDUM3eqMSltXmY+Oyl/7N3P3qNtAlv7X0d9bI28w=="
    },
    "bcrypt-nodejs": {
      "version": "0.0.3",
      "resolved": "https://registry.npmjs.org/bcrypt-nodejs/-/bcrypt-nodejs-0.0.3.tgz",
      "integrity": "sha1-xgkX8m3CNWYVZsaBBhwwPCsohCs="
    },
    "bcrypt-pbkdf": {
      "version": "1.0.2",
      "resolved": "https://registry.npmjs.org/bcrypt-pbkdf/-/bcrypt-pbkdf-1.0.2.tgz",
      "integrity": "sha1-pDAdOJtqQ/m2f/PKEaP2Y342Dp4=",
      "optional": true,
      "requires": {
        "tweetnacl": "^0.14.3"
      }
    },
    "bluebird": {
      "version": "2.11.0",
      "resolved": "https://registry.npmjs.org/bluebird/-/bluebird-2.11.0.tgz",
      "integrity": "sha1-U0uQM8AiyVecVro7Plpcqvu2UOE="
    },
    "body-parser": {
      "version": "1.18.3",
      "resolved": "https://registry.npmjs.org/body-parser/-/body-parser-1.18.3.tgz",
      "integrity": "sha1-WykhmP/dVTs6DyDe0FkrlWlVyLQ=",
      "requires": {
        "bytes": "3.0.0",
        "content-type": "~1.0.4",
        "debug": "2.6.9",
        "depd": "~1.1.2",
        "http-errors": "~1.6.3",
        "iconv-lite": "0.4.23",
        "on-finished": "~2.3.0",
        "qs": "6.5.2",
        "raw-body": "2.3.3",
        "type-is": "~1.6.16"
      }
    },
    "boom": {
      "version": "2.10.1",
      "resolved": "https://registry.npmjs.org/boom/-/boom-2.10.1.tgz",
      "integrity": "sha1-OciRjO/1eZ+D+UkqhI9iWt0Mdm8=",
      "requires": {
        "hoek": "2.x.x"
      }
    },
    "bytes": {
      "version": "3.0.0",
      "resolved": "https://registry.npmjs.org/bytes/-/bytes-3.0.0.tgz",
      "integrity": "sha1-0ygVQE1olpn4Wk6k+odV3ROpYEg="
    },
    "caseless": {
      "version": "0.12.0",
      "resolved": "https://registry.npmjs.org/caseless/-/caseless-0.12.0.tgz",
      "integrity": "sha1-G2gcIf+EAzyCZUMJBolCDRhxUdw="
    },
    "co": {
      "version": "4.6.0",
      "resolved": "https://registry.npmjs.org/co/-/co-4.6.0.tgz",
      "integrity": "sha1-bqa989hTrlTMuOR7+gvz+QMfsYQ="
    },
    "combined-stream": {
      "version": "1.0.6",
      "resolved": "https://registry.npmjs.org/combined-stream/-/combined-stream-1.0.6.tgz",
      "integrity": "sha1-cj599ugBrFYTETp+RFqbactjKBg=",
      "requires": {
        "delayed-stream": "~1.0.0"
      }
    },
    "content-type": {
      "version": "1.0.4",
      "resolved": "https://registry.npmjs.org/content-type/-/content-type-1.0.4.tgz",
      "integrity": "sha512-hIP3EEPs8tB9AT1L+NUqtwOAps4mk2Zob89MWXMHjHWg9milF/j4osnnQLXBCBFBk/tvIG/tUc9mOUJiPBhPXA=="
    },
    "core-js": {
      "version": "2.5.7",
      "resolved": "https://registry.npmjs.org/core-js/-/core-js-2.5.7.tgz",
      "integrity": "sha512-RszJCAxg/PP6uzXVXL6BsxSXx/B05oJAQ2vkJRjyjrEcNVycaqOmNb5OTxZPE3xa5gwZduqza6L9JOCenh/Ecw=="
    },
    "core-util-is": {
      "version": "1.0.2",
      "resolved": "https://registry.npmjs.org/core-util-is/-/core-util-is-1.0.2.tgz",
      "integrity": "sha1-tf1UIgqivFq1eqtxQMlAdUUDwac="
    },
    "cryptiles": {
      "version": "2.0.5",
      "resolved": "https://registry.npmjs.org/cryptiles/-/cryptiles-2.0.5.tgz",
      "integrity": "sha1-O9/s3GCBR8HGcgL6KR59ylnqo7g=",
      "requires": {
        "boom": "2.x.x"
      }
    },
    "dashdash": {
      "version": "1.14.1",
      "resolved": "https://registry.npmjs.org/dashdash/-/dashdash-1.14.1.tgz",
      "integrity": "sha1-hTz6D3y+L+1d4gMmuN1YEDX24vA=",
      "requires": {
        "assert-plus": "^1.0.0"
      },
      "dependencies": {
        "assert-plus": {
          "version": "1.0.0",
          "resolved": "https://registry.npmjs.org/assert-plus/-/assert-plus-1.0.0.tgz",
          "integrity": "sha1-8S4PPF13sLHN2RRpQuTpbB5N1SU="
        }
      }
    },
    "debug": {
      "version": "2.6.9",
      "resolved": "https://registry.npmjs.org/debug/-/debug-2.6.9.tgz",
      "integrity": "sha512-bC7ElrdJaJnPbAP+1EotYvqZsb3ecl5wi6Bfi6BJTUcNowp6cvspg0jXznRTKDjm/E7AdgFBVeAPVMNcKGsHMA==",
      "requires": {
        "ms": "2.0.0"
      }
    },
    "decouple": {
      "version": "0.0.2",
      "resolved": "https://registry.npmjs.org/decouple/-/decouple-0.0.2.tgz",
      "integrity": "sha1-yzc2QMN/mHpfaGZyTM1CSoD52aI="
    },
    "delayed-stream": {
      "version": "1.0.0",
      "resolved": "https://registry.npmjs.org/delayed-stream/-/delayed-stream-1.0.0.tgz",
      "integrity": "sha1-3zrhmayt+31ECqrgsp4icrJOxhk="
    },
    "depd": {
      "version": "1.1.2",
      "resolved": "https://registry.npmjs.org/depd/-/depd-1.1.2.tgz",
      "integrity": "sha1-m81S4UwJd2PnSbJ0xDRu0uVgtak="
    },
    "desandro-matches-selector": {
      "version": "2.0.2",
      "resolved": "https://registry.npmjs.org/desandro-matches-selector/-/desandro-matches-selector-2.0.2.tgz",
      "integrity": "sha1-cXvu1NwT59jzdi9wem1YpndCGOE="
    },
    "ecc-jsbn": {
      "version": "0.1.1",
      "resolved": "https://registry.npmjs.org/ecc-jsbn/-/ecc-jsbn-0.1.1.tgz",
      "integrity": "sha1-D8c6ntXw1Tw4GTOYUj735UN3dQU=",
      "optional": true,
      "requires": {
        "jsbn": "~0.1.0"
      }
    },
    "ee-first": {
      "version": "1.1.1",
      "resolved": "https://registry.npmjs.org/ee-first/-/ee-first-1.1.1.tgz",
      "integrity": "sha1-WQxhFWsK4vTwJVcyoViyZrxWsh0="
    },
    "emitter": {
      "version": "git+https://github.com/Mango/emitter.git#41ab8a3956269c7ed468bde50203e15b3274152f",
      "from": "git+https://github.com/Mango/emitter.git#0.0.7"
    },
    "ev-emitter": {
      "version": "1.1.1",
      "resolved": "https://registry.npmjs.org/ev-emitter/-/ev-emitter-1.1.1.tgz",
      "integrity": "sha512-ipiDYhdQSCZ4hSbX4rMW+XzNKMD1prg/sTvoVmSLkuQ1MVlwjJQQA+sW8tMYR3BLUr9KjodFV4pvzunvRhd33Q=="
    },
    "extend": {
      "version": "3.0.1",
      "resolved": "https://registry.npmjs.org/extend/-/extend-3.0.1.tgz",
      "integrity": "sha1-p1Xqe8Gt/MWjHOfnYtuq3F5jZEQ="
    },
    "extsprintf": {
      "version": "1.3.0",
      "resolved": "https://registry.npmjs.org/extsprintf/-/extsprintf-1.3.0.tgz",
      "integrity": "sha1-lpGEQOMEGnpBT4xS48V06zw+HgU="
    },
    "faker": {
      "version": "4.1.0",
      "resolved": "https://registry.npmjs.org/faker/-/faker-4.1.0.tgz",
      "integrity": "sha1-HkW7vsxndLPBlfrSg1EJxtdIzD8="
    },
    "fizzy-ui-utils": {
      "version": "2.0.7",
      "resolved": "https://registry.npmjs.org/fizzy-ui-utils/-/fizzy-ui-utils-2.0.7.tgz",
      "integrity": "sha512-CZXDVXQ1If3/r8s0T+v+qVeMshhfcuq0rqIFgJnrtd+Bu8GmDmqMjntjUePypVtjHXKJ6V4sw9zeyox34n9aCg==",
      "requires": {
        "desandro-matches-selector": "^2.0.0"
      }
    },
    "forever-agent": {
      "version": "0.6.1",
      "resolved": "https://registry.npmjs.org/forever-agent/-/forever-agent-0.6.1.tgz",
      "integrity": "sha1-+8cfDEGt6zf5bFd60e1C2P2sypE="
    },
    "form-data": {
      "version": "2.1.4",
      "resolved": "https://registry.npmjs.org/form-data/-/form-data-2.1.4.tgz",
      "integrity": "sha1-M8GDrPGTJ27KqYFDpp6Uv+4XUNE=",
      "requires": {
        "asynckit": "^0.4.0",
        "combined-stream": "^1.0.5",
        "mime-types": "^2.1.12"
      }
    },
    "get-size": {
      "version": "2.0.3",
      "resolved": "https://registry.npmjs.org/get-size/-/get-size-2.0.3.tgz",
      "integrity": "sha512-lXNzT/h/dTjTxRbm9BXb+SGxxzkm97h/PCIKtlN/CBCxxmkkIVV21udumMS93MuVTDX583gqc94v3RjuHmI+2Q=="
    },
    "getpass": {
      "version": "0.1.7",
      "resolved": "https://registry.npmjs.org/getpass/-/getpass-0.1.7.tgz",
      "integrity": "sha1-Xv+OPmhNVprkyysSgmBOi6YhSfo=",
      "requires": {
        "assert-plus": "^1.0.0"
      },
      "dependencies": {
        "assert-plus": {
          "version": "1.0.0",
          "resolved": "https://registry.npmjs.org/assert-plus/-/assert-plus-1.0.0.tgz",
          "integrity": "sha1-8S4PPF13sLHN2RRpQuTpbB5N1SU="
        }
      }
    },
    "har-schema": {
      "version": "1.0.5",
      "resolved": "https://registry.npmjs.org/har-schema/-/har-schema-1.0.5.tgz",
      "integrity": "sha1-0mMTX0MwfALGAq/I/pWXDAFRNp4="
    },
    "har-validator": {
      "version": "4.2.1",
      "resolved": "https://registry.npmjs.org/har-validator/-/har-validator-4.2.1.tgz",
      "integrity": "sha1-M0gdDxu/9gDdID11gSpqX7oALio=",
      "requires": {
        "ajv": "^4.9.1",
        "har-schema": "^1.0.5"
      }
    },
    "hawk": {
      "version": "3.1.3",
      "resolved": "https://registry.npmjs.org/hawk/-/hawk-3.1.3.tgz",
      "integrity": "sha1-B4REvXwWQLD+VA0sm3PVlnjo4cQ=",
      "requires": {
        "boom": "2.x.x",
        "cryptiles": "2.x.x",
        "hoek": "2.x.x",
        "sntp": "1.x.x"
      }
    },
    "hoek": {
      "version": "2.16.3",
      "resolved": "https://registry.npmjs.org/hoek/-/hoek-2.16.3.tgz",
      "integrity": "sha1-ILt0A9POo5jpHcRxCo/xuCdKJe0="
    },
    "http-errors": {
      "version": "1.6.3",
      "resolved": "https://registry.npmjs.org/http-errors/-/http-errors-1.6.3.tgz",
      "integrity": "sha1-i1VoC7S+KDoLW/TqLjhYC+HZMg0=",
      "requires": {
        "depd": "~1.1.2",
        "inherits": "2.0.3",
        "setprototypeof": "1.1.0",
        "statuses": ">= 1.4.0 < 2"
      }
    },
    "http-signature": {
      "version": "1.1.1",
      "resolved": "https://registry.npmjs.org/http-signature/-/http-signature-1.1.1.tgz",
      "integrity": "sha1-33LiZwZs0Kxn+3at+OE0qPvPkb8=",
      "requires": {
        "assert-plus": "^0.2.0",
        "jsprim": "^1.2.2",
        "sshpk": "^1.7.0"
      }
    },
    "iconv-lite": {
      "version": "0.4.23",
      "resolved": "https://registry.npmjs.org/iconv-lite/-/iconv-lite-0.4.23.tgz",
      "integrity": "sha512-neyTUVFtahjf0mB3dZT77u+8O0QB89jFdnBkd5P1JgYPbPaia3gXXOVL2fq8VyU2gMMD7SaN7QukTB/pmXYvDA==",
      "requires": {
        "safer-buffer": ">= 2.1.2 < 3"
      }
    },
    "inherits": {
      "version": "2.0.3",
      "resolved": "https://registry.npmjs.org/inherits/-/inherits-2.0.3.tgz",
      "integrity": "sha1-Yzwsg+PaQqUC9SRmAiSA9CCCYd4="
    },
    "is-typedarray": {
      "version": "1.0.0",
      "resolved": "https://registry.npmjs.org/is-typedarray/-/is-typedarray-1.0.0.tgz",
      "integrity": "sha1-5HnICFjfDBsR3dppQPlgEfzaSpo="
    },
    "isotope-layout": {
      "version": "3.0.6",
      "resolved": "https://registry.npmjs.org/isotope-layout/-/isotope-layout-3.0.6.tgz",
      "integrity": "sha512-z2ZKablhocXhoNyWwzJPFd7u7FWbYbVJA51Nvsqsod8jH2ExGc1SwDsSWKE54e3PhXzqf2yZPhFSq/c2MR1arw==",
      "requires": {
        "desandro-matches-selector": "^2.0.0",
        "fizzy-ui-utils": "^2.0.4",
        "get-size": "^2.0.0",
        "masonry-layout": "^4.1.0",
        "outlayer": "^2.1.0"
      }
    },
    "isstream": {
      "version": "0.1.2",
      "resolved": "https://registry.npmjs.org/isstream/-/isstream-0.1.2.tgz",
      "integrity": "sha1-R+Y/evVa+m+S4VAOaQ64uFKcCZo="
    },
    "jsbn": {
      "version": "0.1.1",
      "resolved": "https://registry.npmjs.org/jsbn/-/jsbn-0.1.1.tgz",
      "integrity": "sha1-peZUwuWi3rXyAdls77yoDA7y9RM=",
      "optional": true
    },
    "json-schema": {
      "version": "0.2.3",
      "resolved": "https://registry.npmjs.org/json-schema/-/json-schema-0.2.3.tgz",
      "integrity": "sha1-tIDIkuWaLwWVTOcnvT8qTogvnhM="
    },
    "json-stable-stringify": {
      "version": "1.0.1",
      "resolved": "https://registry.npmjs.org/json-stable-stringify/-/json-stable-stringify-1.0.1.tgz",
      "integrity": "sha1-mnWdOcXy/1A/1TAGRu1EX4jE+a8=",
      "requires": {
        "jsonify": "~0.0.0"
      }
    },
    "json-stringify-safe": {
      "version": "5.0.1",
      "resolved": "https://registry.npmjs.org/json-stringify-safe/-/json-stringify-safe-5.0.1.tgz",
      "integrity": "sha1-Epai1Y/UXxmg9s4B1lcB4sc1tus="
    },
    "jsonify": {
      "version": "0.0.0",
      "resolved": "https://registry.npmjs.org/jsonify/-/jsonify-0.0.0.tgz",
      "integrity": "sha1-LHS27kHZPKUbe1qu6PUDYx0lKnM="
    },
    "jsprim": {
      "version": "1.4.1",
      "resolved": "https://registry.npmjs.org/jsprim/-/jsprim-1.4.1.tgz",
      "integrity": "sha1-MT5mvB5cwG5Di8G3SZwuXFastqI=",
      "requires": {
        "assert-plus": "1.0.0",
        "extsprintf": "1.3.0",
        "json-schema": "0.2.3",
        "verror": "1.10.0"
      },
      "dependencies": {
        "assert-plus": {
          "version": "1.0.0",
          "resolved": "https://registry.npmjs.org/assert-plus/-/assert-plus-1.0.0.tgz",
          "integrity": "sha1-8S4PPF13sLHN2RRpQuTpbB5N1SU="
        }
      }
    },
    "lodash.isplainobject": {
      "version": "4.0.6",
      "resolved": "https://registry.npmjs.org/lodash.isplainobject/-/lodash.isplainobject-4.0.6.tgz",
      "integrity": "sha1-fFJqUtibRcRcxpC4gWO+BJf1UMs="
    },
    "lodash.omit": {
      "version": "4.5.0",
      "resolved": "https://registry.npmjs.org/lodash.omit/-/lodash.omit-4.5.0.tgz",
      "integrity": "sha1-brGa5aHuHdnfC5aeZs4Lf6MLXmA="
    },
    "masonry-layout": {
      "version": "4.2.1",
      "resolved": "https://registry.npmjs.org/masonry-layout/-/masonry-layout-4.2.1.tgz",
      "integrity": "sha512-ngJmxszn+JSKreNnrwkjks9OUuwVL2JR8T4iVeE3+g+sJjyoxTLdUNRbYONA25y+nWZn+WZI2GvThRAV+z5Duw==",
      "requires": {
        "get-size": "^2.0.2",
        "outlayer": "^2.1.0"
      }
    },
    "media-typer": {
      "version": "0.3.0",
      "resolved": "https://registry.npmjs.org/media-typer/-/media-typer-0.3.0.tgz",
      "integrity": "sha1-hxDXrwqmJvj/+hzgAWhUUmMlV0g="
    },
    "meteor-node-stubs": {
      "version": "0.2.11",
      "resolved": "https://registry.npmjs.org/meteor-node-stubs/-/meteor-node-stubs-0.2.11.tgz",
      "integrity": "sha1-cV5Owc6IgkiylgThbQkiVrDLfjQ=",
      "requires": {
        "assert": "^1.4.1",
        "browserify-zlib": "^0.1.4",
        "buffer": "^4.9.1",
        "console-browserify": "^1.1.0",
        "constants-browserify": "^1.0.0",
        "crypto-browserify": "^3.11.0",
        "domain-browser": "^1.1.7",
        "events": "^1.1.1",
        "http-browserify": "^1.7.0",
        "https-browserify": "0.0.1",
        "os-browserify": "^0.2.1",
        "path-browserify": "0.0.0",
        "process": "^0.11.9",
        "punycode": "^1.4.1",
        "querystring-es3": "^0.2.1",
        "readable-stream": "git+https://github.com/meteor/readable-stream.git#2e9112d7d31a2af6e0682db0e18679b1e5fd4694",
        "stream-browserify": "^2.0.1",
        "string_decoder": "^1.0.1",
        "timers-browserify": "^1.4.2",
        "tty-browserify": "0.0.0",
        "url": "^0.11.0",
        "util": "^0.10.3",
        "vm-browserify": "0.0.4"
      },
      "dependencies": {
        "Base64": {
          "version": "0.2.1",
          "resolved": "https://registry.npmjs.org/Base64/-/Base64-0.2.1.tgz",
          "integrity": "sha1-ujpCMHCOGGcFBl5mur3Uw1z2ACg="
        },
        "asn1.js": {
          "version": "4.9.0",
          "resolved": "https://registry.npmjs.org/asn1.js/-/asn1.js-4.9.0.tgz",
          "integrity": "sha1-9xoSQ/PnnUbXsH1/v0gk7nOvBUo=",
          "requires": {
            "bn.js": "^4.0.0",
            "inherits": "^2.0.1",
            "minimalistic-assert": "^1.0.0"
          }
        },
        "assert": {
          "version": "1.4.1",
          "resolved": "https://registry.npmjs.org/assert/-/assert-1.4.1.tgz",
          "integrity": "sha1-mZEtWRg2tab1s0XA8H7vwI/GXZE=",
          "requires": {
            "util": "0.10.3"
          }
        },
        "balanced-match": {
          "version": "0.4.2",
          "resolved": "https://registry.npmjs.org/balanced-match/-/balanced-match-0.4.2.tgz",
          "integrity": "sha1-yz8+PHMtwPAe5wtAPzAuYddwmDg="
        },
        "base64-js": {
          "version": "1.2.0",
          "resolved": "https://registry.npmjs.org/base64-js/-/base64-js-1.2.0.tgz",
          "integrity": "sha1-o5mS1yNYSBGYK+XikLtqU9hnAPE="
        },
        "bn.js": {
          "version": "4.11.6",
          "resolved": "https://registry.npmjs.org/bn.js/-/bn.js-4.11.6.tgz",
          "integrity": "sha1-UzRK2xRhehP26N0s4okF0cC6MhU="
        },
        "brace-expansion": {
          "version": "1.1.7",
          "resolved": "https://registry.npmjs.org/brace-expansion/-/brace-expansion-1.1.7.tgz",
          "integrity": "sha1-Pv/DxQ4ABTH7cg6v+A8K6O8jz1k=",
          "requires": {
            "balanced-match": "^0.4.1",
            "concat-map": "0.0.1"
          }
        },
        "brorand": {
          "version": "1.0.6",
          "resolved": "https://registry.npmjs.org/brorand/-/brorand-1.0.6.tgz",
          "integrity": "sha1-QChwa5FfkfezSaLgvzw3YDnSFuU="
        },
        "browserify-aes": {
          "version": "1.0.6",
          "resolved": "https://registry.npmjs.org/browserify-aes/-/browserify-aes-1.0.6.tgz",
          "integrity": "sha1-Xncl297x/Vkw1OurSFZ85FHEigo=",
          "requires": {
            "buffer-xor": "^1.0.2",
            "cipher-base": "^1.0.0",
            "create-hash": "^1.1.0",
            "evp_bytestokey": "^1.0.0",
            "inherits": "^2.0.1"
          }
        },
        "browserify-cipher": {
          "version": "1.0.0",
          "resolved": "https://registry.npmjs.org/browserify-cipher/-/browserify-cipher-1.0.0.tgz",
          "integrity": "sha1-mYgkSHS/XtTijalWZtzWasj8Njo=",
          "requires": {
            "browserify-aes": "^1.0.4",
            "browserify-des": "^1.0.0",
            "evp_bytestokey": "^1.0.0"
          }
        },
        "browserify-des": {
          "version": "1.0.0",
          "resolved": "https://registry.npmjs.org/browserify-des/-/browserify-des-1.0.0.tgz",
          "integrity": "sha1-2qJ3cXRwki7S/hhZQRihdUOXId0=",
          "requires": {
            "cipher-base": "^1.0.1",
            "des.js": "^1.0.0",
            "inherits": "^2.0.1"
          }
        },
        "browserify-rsa": {
          "version": "4.0.1",
          "resolved": "https://registry.npmjs.org/browserify-rsa/-/browserify-rsa-4.0.1.tgz",
          "integrity": "sha1-IeCr+vbyApzy+vsTNWenAdQTVSQ=",
          "requires": {
            "bn.js": "^4.1.0",
            "randombytes": "^2.0.1"
          }
        },
        "browserify-sign": {
          "version": "4.0.0",
          "resolved": "https://registry.npmjs.org/browserify-sign/-/browserify-sign-4.0.0.tgz",
          "integrity": "sha1-EHc5EMPCBtVCCkaq2GlPgguFlo8=",
          "requires": {
            "bn.js": "^4.1.1",
            "browserify-rsa": "^4.0.0",
            "create-hash": "^1.1.0",
            "create-hmac": "^1.1.2",
            "elliptic": "^6.0.0",
            "inherits": "^2.0.1",
            "parse-asn1": "^5.0.0"
          }
        },
        "browserify-zlib": {
          "version": "0.1.4",
          "resolved": "https://registry.npmjs.org/browserify-zlib/-/browserify-zlib-0.1.4.tgz",
          "integrity": "sha1-uzX4pRn2AOD6a4SFJByXnQFB+y0=",
          "requires": {
            "pako": "~0.2.0"
          }
        },
        "buffer": {
          "version": "4.9.1",
          "resolved": "https://registry.npmjs.org/buffer/-/buffer-4.9.1.tgz",
          "integrity": "sha1-bRu2AbB6TvztlwlBMgkwJ8lbwpg=",
          "requires": {
            "base64-js": "^1.0.2",
            "ieee754": "^1.1.4",
            "isarray": "^1.0.0"
          }
        },
        "buffer-xor": {
          "version": "1.0.3",
          "resolved": "https://registry.npmjs.org/buffer-xor/-/buffer-xor-1.0.3.tgz",
          "integrity": "sha1-JuYe0UIvtw3ULm42cp7VHYVf6Nk="
        },
        "cipher-base": {
          "version": "1.0.3",
          "resolved": "https://registry.npmjs.org/cipher-base/-/cipher-base-1.0.3.tgz",
          "integrity": "sha1-7qvxlEGc6QDaMBjCB9IS8qbfCgc=",
          "requires": {
            "inherits": "^2.0.1"
          }
        },
        "concat-map": {
          "version": "0.0.1",
          "resolved": "https://registry.npmjs.org/concat-map/-/concat-map-0.0.1.tgz",
          "integrity": "sha1-2Klr13/Wjfd5OnMDajug1UBdR3s="
        },
        "console-browserify": {
          "version": "1.1.0",
          "resolved": "https://registry.npmjs.org/console-browserify/-/console-browserify-1.1.0.tgz",
          "integrity": "sha1-8CQcRXMKn8YyOyBtvzjtx0HQuxA=",
          "requires": {
            "date-now": "^0.1.4"
          }
        },
        "constants-browserify": {
          "version": "1.0.0",
          "resolved": "https://registry.npmjs.org/constants-browserify/-/constants-browserify-1.0.0.tgz",
          "integrity": "sha1-wguW2MYXdIqvHBYCF2DNJ/y4y3U="
        },
        "create-ecdh": {
          "version": "4.0.0",
          "resolved": "https://registry.npmjs.org/create-ecdh/-/create-ecdh-4.0.0.tgz",
          "integrity": "sha1-iIxyNZbN92EvZJgjPuvXo1MBc30=",
          "requires": {
            "bn.js": "^4.1.0",
            "elliptic": "^6.0.0"
          }
        },
        "create-hash": {
          "version": "1.1.2",
          "resolved": "https://registry.npmjs.org/create-hash/-/create-hash-1.1.2.tgz",
          "integrity": "sha1-USEAYte7dHn2xlu0GpIgix1hq60=",
          "requires": {
            "cipher-base": "^1.0.1",
            "inherits": "^2.0.1",
            "ripemd160": "^1.0.0",
            "sha.js": "^2.3.6"
          }
        },
        "create-hmac": {
          "version": "1.1.4",
          "resolved": "https://registry.npmjs.org/create-hmac/-/create-hmac-1.1.4.tgz",
          "integrity": "sha1-0/tLolPriz9W456i+8uK90e9MXA=",
          "requires": {
            "create-hash": "^1.1.0",
            "inherits": "^2.0.1"
          }
        },
        "crypto-browserify": {
          "version": "3.11.0",
          "resolved": "https://registry.npmjs.org/crypto-browserify/-/crypto-browserify-3.11.0.tgz",
          "integrity": "sha1-NlKgkGq5sqfgw85mpAjpV6JIVSI=",
          "requires": {
            "browserify-cipher": "^1.0.0",
            "browserify-sign": "^4.0.0",
            "create-ecdh": "^4.0.0",
            "create-hash": "^1.1.0",
            "create-hmac": "^1.1.0",
            "diffie-hellman": "^5.0.0",
            "inherits": "^2.0.1",
            "pbkdf2": "^3.0.3",
            "public-encrypt": "^4.0.0",
            "randombytes": "^2.0.0"
          }
        },
        "date-now": {
          "version": "0.1.4",
          "resolved": "https://registry.npmjs.org/date-now/-/date-now-0.1.4.tgz",
          "integrity": "sha1-6vQ5/U1ISK105cx9vvIAZyueNFs="
        },
        "des.js": {
          "version": "1.0.0",
          "resolved": "https://registry.npmjs.org/des.js/-/des.js-1.0.0.tgz",
          "integrity": "sha1-wHTS4qpqipoH29YfmhXCzYPsjsw=",
          "requires": {
            "inherits": "^2.0.1",
            "minimalistic-assert": "^1.0.0"
          }
        },
        "diffie-hellman": {
          "version": "5.0.2",
          "resolved": "https://registry.npmjs.org/diffie-hellman/-/diffie-hellman-5.0.2.tgz",
          "integrity": "sha1-tYNXOScM/ias9jIJn97SoH8gnl4=",
          "requires": {
            "bn.js": "^4.1.0",
            "miller-rabin": "^4.0.0",
            "randombytes": "^2.0.0"
          }
        },
        "domain-browser": {
          "version": "1.1.7",
          "resolved": "https://registry.npmjs.org/domain-browser/-/domain-browser-1.1.7.tgz",
          "integrity": "sha1-hnqksJP6oF8d4IwG9NeyH9+GmLw="
        },
        "elliptic": {
          "version": "6.3.2",
          "resolved": "https://registry.npmjs.org/elliptic/-/elliptic-6.3.2.tgz",
          "integrity": "sha1-5MgeCCnPCmWrcOmYuCMnI7XBvEg=",
          "requires": {
            "bn.js": "^4.4.0",
            "brorand": "^1.0.1",
            "hash.js": "^1.0.0",
            "inherits": "^2.0.1"
          }
        },
        "events": {
          "version": "1.1.1",
          "resolved": "https://registry.npmjs.org/events/-/events-1.1.1.tgz",
          "integrity": "sha1-nr23Y1rQmccNzEwqH1AEKI6L2SQ="
        },
        "evp_bytestokey": {
          "version": "1.0.0",
          "resolved": "https://registry.npmjs.org/evp_bytestokey/-/evp_bytestokey-1.0.0.tgz",
          "integrity": "sha1-SXtmrZ/vZc18CKYYCCS6FHa2blM=",
          "requires": {
            "create-hash": "^1.1.1"
          }
        },
        "fs.realpath": {
          "version": "1.0.0",
          "resolved": "https://registry.npmjs.org/fs.realpath/-/fs.realpath-1.0.0.tgz",
          "integrity": "sha1-FQStJSMVjKpA20onh8sBQRmU6k8="
        },
        "glob": {
          "version": "7.1.2",
          "resolved": "https://registry.npmjs.org/glob/-/glob-7.1.2.tgz",
          "integrity": "sha512-MJTUg1kjuLeQCJ+ccE4Vpa6kKVXkPYJ2mOCQyUuKLcLQsdrMCpBPUi8qVE6+YuaJkozeA9NusTAw3hLr8Xe5EQ==",
          "requires": {
            "fs.realpath": "^1.0.0",
            "inflight": "^1.0.4",
            "inherits": "2",
            "minimatch": "^3.0.4",
            "once": "^1.3.0",
            "path-is-absolute": "^1.0.0"
          }
        },
        "hash.js": {
          "version": "1.0.3",
          "resolved": "https://registry.npmjs.org/hash.js/-/hash.js-1.0.3.tgz",
          "integrity": "sha1-EzL/ABVsCg/92CNgE9B7d6BFFXM=",
          "requires": {
            "inherits": "^2.0.1"
          }
        },
        "http-browserify": {
          "version": "1.7.0",
          "resolved": "https://registry.npmjs.org/http-browserify/-/http-browserify-1.7.0.tgz",
          "integrity": "sha1-M3la3nLfiKz7/TZ3PO/tp2RzWyA=",
          "requires": {
            "Base64": "~0.2.0",
            "inherits": "~2.0.1"
          }
        },
        "https-browserify": {
          "version": "0.0.1",
          "resolved": "https://registry.npmjs.org/https-browserify/-/https-browserify-0.0.1.tgz",
          "integrity": "sha1-P5E2XKvmC3ftDruiS0VOPgnZWoI="
        },
        "ieee754": {
          "version": "1.1.8",
          "resolved": "https://registry.npmjs.org/ieee754/-/ieee754-1.1.8.tgz",
          "integrity": "sha1-vjPUCsEO8ZJnAfbwii2G+/0a0+Q="
        },
        "indexof": {
          "version": "0.0.1",
          "resolved": "https://registry.npmjs.org/indexof/-/indexof-0.0.1.tgz",
          "integrity": "sha1-gtwzbSMrkGIXnQWrMpOmYFn9Q10="
        },
        "inflight": {
          "version": "1.0.6",
          "resolved": "https://registry.npmjs.org/inflight/-/inflight-1.0.6.tgz",
          "integrity": "sha1-Sb1jMdfQLQwJvJEKEHW6gWW1bfk=",
          "requires": {
            "once": "^1.3.0",
            "wrappy": "1"
          }
        },
        "inherits": {
          "version": "2.0.1",
          "resolved": "https://registry.npmjs.org/inherits/-/inherits-2.0.1.tgz",
          "integrity": "sha1-sX0I0ya0Qj5Wjv9xn5GwscvfafE="
        },
        "isarray": {
          "version": "1.0.0",
          "resolved": "https://registry.npmjs.org/isarray/-/isarray-1.0.0.tgz",
          "integrity": "sha1-u5NdSFgsuhaMBoNJV6VKPgcSTxE="
        },
        "miller-rabin": {
          "version": "4.0.0",
          "resolved": "https://registry.npmjs.org/miller-rabin/-/miller-rabin-4.0.0.tgz",
          "integrity": "sha1-SmL7HUKTPAVYOYL0xxb2+55sbT0=",
          "requires": {
            "bn.js": "^4.0.0",
            "brorand": "^1.0.1"
          }
        },
        "minimalistic-assert": {
          "version": "1.0.0",
          "resolved": "https://registry.npmjs.org/minimalistic-assert/-/minimalistic-assert-1.0.0.tgz",
          "integrity": "sha1-cCvi3aazf0g2vLP121ZkG2Sh09M="
        },
        "minimatch": {
          "version": "3.0.4",
          "resolved": "https://registry.npmjs.org/minimatch/-/minimatch-3.0.4.tgz",
          "integrity": "sha512-yJHVQEhyqPLUTgt9B83PXu6W3rx4MvvHvSUvToogpwoGDOUQ+yDrR0HRot+yOCdCO7u4hX3pWft6kWBBcqh0UA==",
          "requires": {
            "brace-expansion": "^1.1.7"
          }
        },
        "once": {
          "version": "1.4.0",
          "resolved": "https://registry.npmjs.org/once/-/once-1.4.0.tgz",
          "integrity": "sha1-WDsap3WWHUsROsF9nFC6753Xa9E=",
          "requires": {
            "wrappy": "1"
          }
        },
        "os-browserify": {
          "version": "0.2.1",
          "resolved": "https://registry.npmjs.org/os-browserify/-/os-browserify-0.2.1.tgz",
          "integrity": "sha1-Y/xMzuXS13Y9Jrv4YBB45sLgBE8="
        },
        "pako": {
          "version": "0.2.9",
          "resolved": "https://registry.npmjs.org/pako/-/pako-0.2.9.tgz",
          "integrity": "sha1-8/dSL073gjSNqBYbrZ7P1Rv4OnU="
        },
        "parse-asn1": {
          "version": "5.0.0",
          "resolved": "https://registry.npmjs.org/parse-asn1/-/parse-asn1-5.0.0.tgz",
          "integrity": "sha1-NQYPbVAV03Yox3D04JGgtaJ4vCM=",
          "requires": {
            "asn1.js": "^4.0.0",
            "browserify-aes": "^1.0.0",
            "create-hash": "^1.1.0",
            "evp_bytestokey": "^1.0.0",
            "pbkdf2": "^3.0.3"
          }
        },
        "path-browserify": {
          "version": "0.0.0",
          "resolved": "https://registry.npmjs.org/path-browserify/-/path-browserify-0.0.0.tgz",
          "integrity": "sha1-oLhwcpquIUAFt9UDLsLLuw+0RRo="
        },
        "path-is-absolute": {
          "version": "1.0.1",
          "resolved": "https://registry.npmjs.org/path-is-absolute/-/path-is-absolute-1.0.1.tgz",
          "integrity": "sha1-F0uSaHNVNP+8es5r9TpanhtcX18="
        },
        "pbkdf2": {
          "version": "3.0.9",
          "resolved": "https://registry.npmjs.org/pbkdf2/-/pbkdf2-3.0.9.tgz",
          "integrity": "sha1-8sSyWmAAWLPDdzwIbDfbvuH/5pM=",
          "requires": {
            "create-hmac": "^1.1.2"
          }
        },
        "process": {
          "version": "0.11.9",
          "resolved": "https://registry.npmjs.org/process/-/process-0.11.9.tgz",
          "integrity": "sha1-e9WtIapiU+fahoImTx4R0RwDGME="
        },
        "process-nextick-args": {
          "version": "1.0.7",
          "resolved": "https://registry.npmjs.org/process-nextick-args/-/process-nextick-args-1.0.7.tgz",
          "integrity": "sha1-FQ4gt1ZZCtP5EJPyWk8q2L/zC6M="
        },
        "public-encrypt": {
          "version": "4.0.0",
          "resolved": "https://registry.npmjs.org/public-encrypt/-/public-encrypt-4.0.0.tgz",
          "integrity": "sha1-OfaZ86RlYN1eusvKaTyvfGXBjMY=",
          "requires": {
            "bn.js": "^4.1.0",
            "browserify-rsa": "^4.0.0",
            "create-hash": "^1.1.0",
            "parse-asn1": "^5.0.0",
            "randombytes": "^2.0.1"
          }
        },
        "punycode": {
          "version": "1.4.1",
          "resolved": "https://registry.npmjs.org/punycode/-/punycode-1.4.1.tgz",
          "integrity": "sha1-wNWmOycYgArY4esPpSachN1BhF4="
        },
        "querystring": {
          "version": "0.2.0",
          "resolved": "https://registry.npmjs.org/querystring/-/querystring-0.2.0.tgz",
          "integrity": "sha1-sgmEkgO7Jd+CDadW50cAWHhSFiA="
        },
        "querystring-es3": {
          "version": "0.2.1",
          "resolved": "https://registry.npmjs.org/querystring-es3/-/querystring-es3-0.2.1.tgz",
          "integrity": "sha1-nsYfeQSYdXB9aUFFlv2Qek1xHnM="
        },
        "randombytes": {
          "version": "2.0.3",
          "resolved": "https://registry.npmjs.org/randombytes/-/randombytes-2.0.3.tgz",
          "integrity": "sha1-Z0yZdgkBw8QRJ3GjHlIdw0nMCew="
        },
        "readable-stream": {
          "version": "git+https://github.com/meteor/readable-stream.git#2e9112d7d31a2af6e0682db0e18679b1e5fd4694",
          "from": "git+https://github.com/meteor/readable-stream.git",
          "requires": {
            "inherits": "~2.0.1",
            "isarray": "~1.0.0",
            "process-nextick-args": "~1.0.6",
            "safe-buffer": "^5.0.1",
            "string_decoder": "~1.0.0",
            "util-deprecate": "~1.0.1"
          }
        },
        "rimraf": {
          "version": "2.6.1",
          "resolved": "https://registry.npmjs.org/rimraf/-/rimraf-2.6.1.tgz",
          "integrity": "sha1-wjOOxkPfeht/5cVPqG9XQopV8z0=",
          "requires": {
            "glob": "^7.0.5"
          }
        },
        "ripemd160": {
          "version": "1.0.1",
          "resolved": "https://registry.npmjs.org/ripemd160/-/ripemd160-1.0.1.tgz",
          "integrity": "sha1-k6S71JQrxXS2mo+lfHHeEOzKfW4="
        },
        "safe-buffer": {
          "version": "5.0.1",
          "resolved": "https://registry.npmjs.org/safe-buffer/-/safe-buffer-5.0.1.tgz",
          "integrity": "sha1-0mPKVGls2KMGtcplUekt5XkY++c="
        },
        "sha.js": {
          "version": "2.4.8",
          "resolved": "https://registry.npmjs.org/sha.js/-/sha.js-2.4.8.tgz",
          "integrity": "sha1-NwaMLEdra69ALRSknGf1l5IfY08=",
          "requires": {
            "inherits": "^2.0.1"
          }
        },
        "stream-browserify": {
          "version": "2.0.1",
          "resolved": "https://registry.npmjs.org/stream-browserify/-/stream-browserify-2.0.1.tgz",
          "integrity": "sha1-ZiZu5fm9uZQKTkUUyvtDu3Hlyds=",
          "requires": {
            "inherits": "~2.0.1",
            "readable-stream": "^2.0.2"
          }
        },
        "string_decoder": {
          "version": "1.0.1",
          "resolved": "https://registry.npmjs.org/string_decoder/-/string_decoder-1.0.1.tgz",
          "integrity": "sha1-YuIA8DmVWmgQ2N8KM//A8BNmLZg=",
          "requires": {
            "safe-buffer": "^5.0.1"
          }
        },
        "timers-browserify": {
          "version": "1.4.2",
          "resolved": "https://registry.npmjs.org/timers-browserify/-/timers-browserify-1.4.2.tgz",
          "integrity": "sha1-ycWLV1voQHN1y14kYtrO50NZ9B0=",
          "requires": {
            "process": "~0.11.0"
          }
        },
        "tty-browserify": {
          "version": "0.0.0",
          "resolved": "https://registry.npmjs.org/tty-browserify/-/tty-browserify-0.0.0.tgz",
          "integrity": "sha1-oVe6QC2iTpv5V/mqadUk7tQpAaY="
        },
        "url": {
          "version": "0.11.0",
          "resolved": "https://registry.npmjs.org/url/-/url-0.11.0.tgz",
          "integrity": "sha1-ODjpfPxgUh63PFJajlW/3Z4uKPE=",
          "requires": {
            "punycode": "1.3.2",
            "querystring": "0.2.0"
          },
          "dependencies": {
            "punycode": {
              "version": "1.3.2",
              "resolved": "https://registry.npmjs.org/punycode/-/punycode-1.3.2.tgz",
              "integrity": "sha1-llOgNvt8HuQjQvIyXM7v6jkmxI0="
            }
          }
        },
        "util": {
          "version": "0.10.3",
          "resolved": "https://registry.npmjs.org/util/-/util-0.10.3.tgz",
          "integrity": "sha1-evsa/lCAUkZInj23/g7TeTNqwPk=",
          "requires": {
            "inherits": "2.0.1"
          }
        },
        "util-deprecate": {
          "version": "1.0.2",
          "resolved": "https://registry.npmjs.org/util-deprecate/-/util-deprecate-1.0.2.tgz",
          "integrity": "sha1-RQ1Nyfpw3nMnYvvS1KKJgUGaDM8="
        },
        "vm-browserify": {
          "version": "0.0.4",
          "resolved": "https://registry.npmjs.org/vm-browserify/-/vm-browserify-0.0.4.tgz",
          "integrity": "sha1-XX6kW7755Kb/ZflUOOCofDV9WnM=",
          "requires": {
            "indexof": "0.0.1"
          }
        },
        "wrappy": {
          "version": "1.0.2",
          "resolved": "https://registry.npmjs.org/wrappy/-/wrappy-1.0.2.tgz",
          "integrity": "sha1-tSQ9jz7BqjXxNkYFvA0QNuMKtp8="
        }
      }
    },
    "mime-db": {
      "version": "1.33.0",
      "resolved": "https://registry.npmjs.org/mime-db/-/mime-db-1.33.0.tgz",
      "integrity": "sha512-BHJ/EKruNIqJf/QahvxwQZXKygOQ256myeN/Ew+THcAa5q+PjyTTMMeNQC4DZw5AwfvelsUrA6B67NKMqXDbzQ=="
    },
    "mime-types": {
      "version": "2.1.18",
      "resolved": "https://registry.npmjs.org/mime-types/-/mime-types-2.1.18.tgz",
      "integrity": "sha512-lc/aahn+t4/SWV/qcmumYjymLsWfN3ELhpmVuUFjgsORruuZPVSwAQryq+HHGvO/SI2KVX26bx+En+zhM8g8hQ==",
      "requires": {
        "mime-db": "~1.33.0"
      }
    },
    "moment": {
      "version": "2.22.2",
      "resolved": "https://registry.npmjs.org/moment/-/moment-2.22.2.tgz",
      "integrity": "sha1-PCV/mDn8DpP/UxSWMiOeuQeD/2Y="
    },
    "moment-timezone": {
      "version": "0.5.21",
      "resolved": "https://registry.npmjs.org/moment-timezone/-/moment-timezone-0.5.21.tgz",
      "integrity": "sha512-j96bAh4otsgj3lKydm3K7kdtA3iKf2m6MY2iSYCzCm5a1zmHo1g+aK3068dDEeocLZQIS9kU8bsdQHLqEvgW0A==",
      "requires": {
        "moment": ">= 2.9.0"
      }
    },
    "ms": {
      "version": "2.0.0",
      "resolved": "https://registry.npmjs.org/ms/-/ms-2.0.0.tgz",
      "integrity": "sha1-VgiurfwAvmwpAd9fmGF4jeDVl8g="
    },
    "oauth-sign": {
      "version": "0.8.2",
      "resolved": "https://registry.npmjs.org/oauth-sign/-/oauth-sign-0.8.2.tgz",
      "integrity": "sha1-Rqarfwrq2N6unsBWV4C31O/rnUM="
    },
    "object-assign": {
      "version": "4.1.1",
      "resolved": "https://registry.npmjs.org/object-assign/-/object-assign-4.1.1.tgz",
      "integrity": "sha1-IQmtx5ZYh8/AXLvUQsrIv7s2CGM="
    },
    "on-finished": {
      "version": "2.3.0",
      "resolved": "https://registry.npmjs.org/on-finished/-/on-finished-2.3.0.tgz",
      "integrity": "sha1-IPEzZIGwg811M3mSoWlxqi2QaUc=",
      "requires": {
        "ee-first": "1.1.1"
      }
    },
    "outlayer": {
      "version": "2.1.1",
      "resolved": "https://registry.npmjs.org/outlayer/-/outlayer-2.1.1.tgz",
      "integrity": "sha1-KYY7beEOpdrf/8rfoNcokHOH6aI=",
      "requires": {
        "ev-emitter": "^1.0.0",
        "fizzy-ui-utils": "^2.0.0",
        "get-size": "^2.0.2"
      }
    },
    "performance-now": {
      "version": "0.2.0",
      "resolved": "https://registry.npmjs.org/performance-now/-/performance-now-0.2.0.tgz",
      "integrity": "sha1-M+8wxcd9TqIcWlOGnZG1bY8lVeU="
    },
    "prerender-node": {
      "version": "2.8.0",
      "resolved": "https://registry.npmjs.org/prerender-node/-/prerender-node-2.8.0.tgz",
      "integrity": "sha1-yywKAoxqJxH7AQH7VLu8ZKnhrOA=",
      "requires": {
        "request": "2.81.0"
      }
    },
    "punycode": {
      "version": "1.4.1",
      "resolved": "https://registry.npmjs.org/punycode/-/punycode-1.4.1.tgz",
      "integrity": "sha1-wNWmOycYgArY4esPpSachN1BhF4="
    },
    "qs": {
      "version": "6.5.2",
      "resolved": "https://registry.npmjs.org/qs/-/qs-6.5.2.tgz",
      "integrity": "sha512-N5ZAX4/LxJmF+7wN74pUD6qAh9/wnvdQcjq9TZjevvXzSUo7bfmw91saqMjzGS2xq91/odN2dW/WOl7qQHNDGA=="
    },
    "raw-body": {
      "version": "2.3.3",
      "resolved": "https://registry.npmjs.org/raw-body/-/raw-body-2.3.3.tgz",
      "integrity": "sha512-9esiElv1BrZoI3rCDuOuKCBRbuApGGaDPQfjSflGxdy4oyzqghxu6klEkkVIvBje+FF0BX9coEv8KqW6X/7njw==",
      "requires": {
        "bytes": "3.0.0",
        "http-errors": "1.6.3",
        "iconv-lite": "0.4.23",
        "unpipe": "1.0.0"
      }
    },
    "regenerator-runtime": {
      "version": "0.11.1",
      "resolved": "https://registry.npmjs.org/regenerator-runtime/-/regenerator-runtime-0.11.1.tgz",
      "integrity": "sha512-MguG95oij0fC3QV3URf4V2SDYGJhJnJGqvIIgdECeODCT98wSWDAJ94SSuVpYQUoTcGUIL6L4yNB7j1DFFHSBg=="
    },
    "request": {
      "version": "2.81.0",
      "resolved": "https://registry.npmjs.org/request/-/request-2.81.0.tgz",
      "integrity": "sha1-xpKJRqDgbF+Nb4qTM0af/aRimKA=",
      "requires": {
        "aws-sign2": "~0.6.0",
        "aws4": "^1.2.1",
        "caseless": "~0.12.0",
        "combined-stream": "~1.0.5",
        "extend": "~3.0.0",
        "forever-agent": "~0.6.1",
        "form-data": "~2.1.1",
        "har-validator": "~4.2.1",
        "hawk": "~3.1.3",
        "http-signature": "~1.1.0",
        "is-typedarray": "~1.0.0",
        "isstream": "~0.1.2",
        "json-stringify-safe": "~5.0.1",
        "mime-types": "~2.1.7",
        "oauth-sign": "~0.8.1",
        "performance-now": "^0.2.0",
        "qs": "~6.4.0",
        "safe-buffer": "^5.0.1",
        "stringstream": "~0.0.4",
        "tough-cookie": "~2.3.0",
        "tunnel-agent": "^0.6.0",
        "uuid": "^3.0.0"
      },
      "dependencies": {
        "qs": {
          "version": "6.4.0",
          "resolved": "https://registry.npmjs.org/qs/-/qs-6.4.0.tgz",
          "integrity": "sha1-E+JtKK1rD/qpExLNO/cI7TUecjM="
        }
      }
    },
    "safe-buffer": {
      "version": "5.1.2",
      "resolved": "https://registry.npmjs.org/safe-buffer/-/safe-buffer-5.1.2.tgz",
      "integrity": "sha512-Gd2UZBJDkXlY7GbJxfsE8/nvKkUEU1G38c1siN6QP6a9PT9MmHB8GnpscSmMJSoF8LOIrt8ud/wPtojys4G6+g=="
    },
    "safer-buffer": {
      "version": "2.1.2",
      "resolved": "https://registry.npmjs.org/safer-buffer/-/safer-buffer-2.1.2.tgz",
      "integrity": "sha512-YZo3K82SD7Riyi0E1EQPojLz7kpepnSQI9IyPbHHg1XXXevb5dJI7tpyN2ADxGcQbHG7vcyRHk0cbwqcQriUtg=="
    },
    "setprototypeof": {
      "version": "1.1.0",
      "resolved": "https://registry.npmjs.org/setprototypeof/-/setprototypeof-1.1.0.tgz",
      "integrity": "sha512-BvE/TwpZX4FXExxOxZyRGQQv651MSwmWKZGqvmPcRIjDqWub67kTKuIMx43cZZrS/cBBzwBcNDWoFxt2XEFIpQ=="
    },
    "slideout": {
      "version": "1.0.1",
      "resolved": "https://registry.npmjs.org/slideout/-/slideout-1.0.1.tgz",
      "integrity": "sha1-SfL71+QVX+Db5tlZOPASJDVl9iU=",
      "requires": {
        "decouple": "0.0.2",
        "emitter": "git+https://github.com/Mango/emitter.git#41ab8a3956269c7ed468bde50203e15b3274152f"
      }
    },
    "sntp": {
      "version": "1.0.9",
      "resolved": "https://registry.npmjs.org/sntp/-/sntp-1.0.9.tgz",
      "integrity": "sha1-ZUEYTMkK7qbG57NeJlkIJEPGYZg=",
      "requires": {
        "hoek": "2.x.x"
      }
    },
    "sshpk": {
      "version": "1.14.2",
      "resolved": "https://registry.npmjs.org/sshpk/-/sshpk-1.14.2.tgz",
      "integrity": "sha1-xvxhZIo9nE52T9P8306hBeSSupg=",
      "requires": {
        "asn1": "~0.2.3",
        "assert-plus": "^1.0.0",
        "bcrypt-pbkdf": "^1.0.0",
        "dashdash": "^1.12.0",
        "ecc-jsbn": "~0.1.1",
        "getpass": "^0.1.1",
        "jsbn": "~0.1.0",
        "safer-buffer": "^2.0.2",
        "tweetnacl": "~0.14.0"
      },
      "dependencies": {
        "assert-plus": {
          "version": "1.0.0",
          "resolved": "https://registry.npmjs.org/assert-plus/-/assert-plus-1.0.0.tgz",
          "integrity": "sha1-8S4PPF13sLHN2RRpQuTpbB5N1SU="
        }
      }
    },
    "statuses": {
      "version": "1.5.0",
      "resolved": "https://registry.npmjs.org/statuses/-/statuses-1.5.0.tgz",
      "integrity": "sha1-Fhx9rBd2Wf2YEfQ3cfqZOBR4Yow="
    },
    "stringstream": {
      "version": "0.0.6",
      "resolved": "https://registry.npmjs.org/stringstream/-/stringstream-0.0.6.tgz",
      "integrity": "sha512-87GEBAkegbBcweToUrdzf3eLhWNg06FJTebl4BVJz/JgWy8CvEr9dRtX5qWphiynMSQlxxi+QqN0z5T32SLlhA=="
    },
    "stripe": {
      "version": "4.25.0",
      "resolved": "https://registry.npmjs.org/stripe/-/stripe-4.25.0.tgz",
      "integrity": "sha512-sSRPSQ4BTSbdcevVSrtIJzlOCTIAXm8T38DE4zPL6ysYpIWGfIBdo2XnhouLK12/6cuLvaEInlfCZQgoEVzXpQ==",
      "requires": {
        "bluebird": "^2.10.2",
        "lodash.isplainobject": "^4.0.6",
        "object-assign": "^4.1.0",
        "qs": "~6.0.4"
      },
      "dependencies": {
        "qs": {
          "version": "6.0.4",
          "resolved": "https://registry.npmjs.org/qs/-/qs-6.0.4.tgz",
          "integrity": "sha1-UQGdhHIMk5uCc36EVWp4Izjs6ns="
        }
      }
    },
    "tough-cookie": {
      "version": "2.3.4",
      "resolved": "https://registry.npmjs.org/tough-cookie/-/tough-cookie-2.3.4.tgz",
      "integrity": "sha512-TZ6TTfI5NtZnuyy/Kecv+CnoROnyXn2DN97LontgQpCwsX2XyLYCC0ENhYkehSOwAp8rTQKc/NUIF7BkQ5rKLA==",
      "requires": {
        "punycode": "^1.4.1"
      }
    },
    "tunnel-agent": {
      "version": "0.6.0",
      "resolved": "https://registry.npmjs.org/tunnel-agent/-/tunnel-agent-0.6.0.tgz",
      "integrity": "sha1-J6XeoGs2sEoKmWZ3SykIaPD8QP0=",
      "requires": {
        "safe-buffer": "^5.0.1"
      }
    },
    "tweetnacl": {
      "version": "0.14.5",
      "resolved": "https://registry.npmjs.org/tweetnacl/-/tweetnacl-0.14.5.tgz",
      "integrity": "sha1-WuaBd/GS1EViadEIr6k/+HQ/T2Q=",
      "optional": true
    },
    "type-is": {
      "version": "1.6.16",
      "resolved": "https://registry.npmjs.org/type-is/-/type-is-1.6.16.tgz",
      "integrity": "sha512-HRkVv/5qY2G6I8iab9cI7v1bOIdhm94dVjQCPFElW9W+3GeDOSHmy2EBYe4VTApuzolPcmgFTN3ftVJRKR2J9Q==",
      "requires": {
        "media-typer": "0.3.0",
        "mime-types": "~2.1.18"
      }
    },
    "unpipe": {
      "version": "1.0.0",
      "resolved": "https://registry.npmjs.org/unpipe/-/unpipe-1.0.0.tgz",
      "integrity": "sha1-sr9O6FFKrmFltIF4KdIbLvSZBOw="
    },
    "uuid": {
      "version": "3.3.2",
      "resolved": "https://registry.npmjs.org/uuid/-/uuid-3.3.2.tgz",
      "integrity": "sha512-yXJmeNaw3DnnKAOKJE51sL/ZaYfWJRl1pK9dr19YFCu0ObS231AB1/LbqTKRAQ5kw8A90rA6fr4riOUpTZvQZA=="
    },
    "verror": {
      "version": "1.10.0",
      "resolved": "https://registry.npmjs.org/verror/-/verror-1.10.0.tgz",
      "integrity": "sha1-OhBcoXBTr1XW4nDB+CiGguGNpAA=",
      "requires": {
        "assert-plus": "^1.0.0",
        "core-util-is": "1.0.2",
        "extsprintf": "^1.2.0"
      },
      "dependencies": {
        "assert-plus": {
          "version": "1.0.0",
          "resolved": "https://registry.npmjs.org/assert-plus/-/assert-plus-1.0.0.tgz",
          "integrity": "sha1-8S4PPF13sLHN2RRpQuTpbB5N1SU="
        }
      }
    },
    "vue": {
      "version": "2.5.16",
      "resolved": "https://registry.npmjs.org/vue/-/vue-2.5.16.tgz",
      "integrity": "sha512-/ffmsiVuPC8PsWcFkZngdpas19ABm5mh2wA7iDqcltyCTwlgZjHGeJYOXkBMo422iPwIcviOtrTCUpSfXmToLQ=="
    },
    "vue-meteor-tracker": {
      "version": "1.2.3",
      "resolved": "https://registry.npmjs.org/vue-meteor-tracker/-/vue-meteor-tracker-1.2.3.tgz",
      "integrity": "sha1-7wiuyVbC+mwjFFuufw8oFIDtsFA=",
      "requires": {
        "lodash.omit": "^4.5.0"
      }
    },
    "vue-router": {
      "version": "2.8.1",
      "resolved": "https://registry.npmjs.org/vue-router/-/vue-router-2.8.1.tgz",
      "integrity": "sha512-MC4jacHBhTPKtmcfzvaj2N7g6jgJ/Z/eIjZdt+yUaUOM1iKC0OUIlO/xCtz6OZFFTNUJs/1YNro2GN/lE+nOXA=="
    }
  }
}
